
Microsoft Visual Studio Solution File, Format Version 12.00
# Visual Studio 15
VisualStudioVersion = 15.0.26228.4
MinimumVisualStudioVersion = 10.0.40219.1
Project("{2150E333-8FDC-42A3-9474-1A3956D46DE8}") = "Client", "Client", "{4290414B-4EBA-40F4-9DEA-FA3EDBCAAE85}"
EndProject
Project("{8BC9CEB8-8B4A-11D0-8D11-00A0C91BC942}") = "Eir Core", "..\..\MTA10\core\build\Eir Core.vcxproj", "{C494652E-C60A-414D-9F8F-211C5B302BFA}"
	ProjectSection(ProjectDependencies) = postProject
		{7209B422-33E4-49E4-BAEA-9B10DF7502D3} = {7209B422-33E4-49E4-BAEA-9B10DF7502D3}
		{7E697733-5C68-49B4-82D4-A313210D49DF} = {7E697733-5C68-49B4-82D4-A313210D49DF}
		{B991279B-D8C1-45DA-8331-94D6E7840DD4} = {B991279B-D8C1-45DA-8331-94D6E7840DD4}
		{6E793DA8-5641-4BBB-BCB0-43BF10682E14} = {6E793DA8-5641-4BBB-BCB0-43BF10682E14}
	EndProjectSection
EndProject
Project("{8BC9CEB8-8B4A-11D0-8D11-00A0C91BC942}") = "game_sa", "..\..\MTA10\game_sa\build\game_sa.vcxproj", "{DB00AFA0-9CD7-424E-B3C4-64ACC3CC9B98}"
	ProjectSection(ProjectDependencies) = postProject
		{7E697733-5C68-49B4-82D4-A313210D49DF} = {7E697733-5C68-49B4-82D4-A313210D49DF}
	EndProjectSection
EndProject
Project("{8BC9CEB8-8B4A-11D0-8D11-00A0C91BC942}") = "gui", "..\..\MTA10\gui\build\gui.vcxproj", "{A72ED256-F039-45D1-B2AB-48B9FC674AA4}"
	ProjectSection(ProjectDependencies) = postProject
		{28D9184F-8491-4FC3-99B1-CDE58FC39692} = {28D9184F-8491-4FC3-99B1-CDE58FC39692}
		{AB96FAC1-DA1C-41FF-9D70-9D773B9FB04A} = {AB96FAC1-DA1C-41FF-9D70-9D773B9FB04A}
	EndProjectSection
EndProject
Project("{8BC9CEB8-8B4A-11D0-8D11-00A0C91BC942}") = "deathmatch", "..\..\MTA10\mods\deathmatch\build\deathmatch.vcxproj", "{60A8DE0B-43D8-4449-B9D6-3863A24017DD}"
	ProjectSection(ProjectDependencies) = postProject
		{65D5E721-48DD-4DA9-9903-6E2FDD90725A} = {65D5E721-48DD-4DA9-9903-6E2FDD90725A}
		{7E697733-5C68-49B4-82D4-A313210D49DF} = {7E697733-5C68-49B4-82D4-A313210D49DF}
		{EB84454B-F718-4569-B8F5-3C61E1E5192A} = {EB84454B-F718-4569-B8F5-3C61E1E5192A}
		{E495B687-A75F-4F43-9F40-EF1F0B4520ED} = {E495B687-A75F-4F43-9F40-EF1F0B4520ED}
		{0973DFA3-FF0D-42DF-8EB8-FD26105CAF78} = {0973DFA3-FF0D-42DF-8EB8-FD26105CAF78}
		{1743D8BB-1AB4-45D9-9B13-D786A10104B9} = {1743D8BB-1AB4-45D9-9B13-D786A10104B9}
	EndProjectSection
EndProject
Project("{8BC9CEB8-8B4A-11D0-8D11-00A0C91BC942}") = "multiplayer_sa", "..\..\MTA10\multiplayer_sa\build\multiplayer_sa.vcxproj", "{6CE6A291-9D50-41E0-B9BD-823B31D8653D}"
EndProject
Project("{8BC9CEB8-8B4A-11D0-8D11-00A0C91BC942}") = "launch", "..\..\MTA10\launch\build\launch.vcxproj", "{0AE8BCE3-1B0B-4908-9407-E08A7738E5B9}"
	ProjectSection(ProjectDependencies) = postProject
		{3109A102-F7C7-46F8-AE41-ED13C0E23093} = {3109A102-F7C7-46F8-AE41-ED13C0E23093}
		{60A8DE0B-43D8-4449-B9D6-3863A24017DD} = {60A8DE0B-43D8-4449-B9D6-3863A24017DD}
		{C494652E-C60A-414D-9F8F-211C5B302BFA} = {C494652E-C60A-414D-9F8F-211C5B302BFA}
		{48C9DE35-2BA6-4794-BB39-46000A1AF99F} = {48C9DE35-2BA6-4794-BB39-46000A1AF99F}
		{A72ED256-F039-45D1-B2AB-48B9FC674AA4} = {A72ED256-F039-45D1-B2AB-48B9FC674AA4}
		{6CE6A291-9D50-41E0-B9BD-823B31D8653D} = {6CE6A291-9D50-41E0-B9BD-823B31D8653D}
		{DB00AFA0-9CD7-424E-B3C4-64ACC3CC9B98} = {DB00AFA0-9CD7-424E-B3C4-64ACC3CC9B98}
	EndProjectSection
EndProject
Project("{8BC9CEB8-8B4A-11D0-8D11-00A0C91BC942}") = "loader", "..\..\MTA10\loader\build\loader.vcxproj", "{3109A102-F7C7-46F8-AE41-ED13C0E23093}"
	ProjectSection(ProjectDependencies) = postProject
		{6E793DA8-5641-4BBB-BCB0-43BF10682E14} = {6E793DA8-5641-4BBB-BCB0-43BF10682E14}
	EndProjectSection
EndProject
Project("{2150E333-8FDC-42A3-9474-1A3956D46DE8}") = "Dependencies", "Dependencies", "{A544E68C-3BBD-4910-B20C-70A7A52F8263}"
EndProject
Project("{8BC9CEB8-8B4A-11D0-8D11-00A0C91BC942}") = "FileSystem", "..\..\eirshared\FileSystem\build\FileSystem.vcxproj", "{6E793DA8-5641-4BBB-BCB0-43BF10682E14}"
	ProjectSection(ProjectDependencies) = postProject
		{65D5E721-48DD-4DA9-9903-6E2FDD90725A} = {65D5E721-48DD-4DA9-9903-6E2FDD90725A}
		{7E697733-5C68-49B4-82D4-A313210D49DF} = {7E697733-5C68-49B4-82D4-A313210D49DF}
	EndProjectSection
EndProject
Project("{8BC9CEB8-8B4A-11D0-8D11-00A0C91BC942}") = "NativeExecutive", "..\..\eirshared\NativeExecutive\build\NativeExecutive.vcxproj", "{7E697733-5C68-49B4-82D4-A313210D49DF}"
EndProject
Project("{8BC9CEB8-8B4A-11D0-8D11-00A0C91BC942}") = "zlib", "..\..\eirshared\zlib\vs2015\zlib.vcxproj", "{65D5E721-48DD-4DA9-9903-6E2FDD90725A}"
EndProject
Project("{8BC9CEB8-8B4A-11D0-8D11-00A0C91BC942}") = "lua51", "..\..\eirshared\lua\build\lua51.vcxproj", "{E495B687-A75F-4F43-9F40-EF1F0B4520ED}"
	ProjectSection(ProjectDependencies) = postProject
		{7E697733-5C68-49B4-82D4-A313210D49DF} = {7E697733-5C68-49B4-82D4-A313210D49DF}
	EndProjectSection
EndProject
Project("{8BC9CEB8-8B4A-11D0-8D11-00A0C91BC942}") = "CEGUIBASE", "..\..\vendor\cegui-0.4.0-custom\build\CEGUIBASE.vcxproj", "{AB96FAC1-DA1C-41FF-9D70-9D773B9FB04A}"
	ProjectSection(ProjectDependencies) = postProject
		{8EED4E1E-7FAB-4EE1-B732-2F8107572981} = {8EED4E1E-7FAB-4EE1-B732-2F8107572981}
		{59DA845D-D6AF-4EAB-AACA-CF38BECA0BDF} = {59DA845D-D6AF-4EAB-AACA-CF38BECA0BDF}
		{442057F8-F9A0-4115-992E-C6CD5093BE0C} = {442057F8-F9A0-4115-992E-C6CD5093BE0C}
	EndProjectSection
EndProject
Project("{8BC9CEB8-8B4A-11D0-8D11-00A0C91BC942}") = "CEGUIFalagard", "..\..\vendor\cegui-0.4.0-custom\build\CEGUIFalagard.vcxproj", "{28D9184F-8491-4FC3-99B1-CDE58FC39692}"
	ProjectSection(ProjectDependencies) = postProject
		{AB96FAC1-DA1C-41FF-9D70-9D773B9FB04A} = {AB96FAC1-DA1C-41FF-9D70-9D773B9FB04A}
	EndProjectSection
EndProject
Project("{8BC9CEB8-8B4A-11D0-8D11-00A0C91BC942}") = "freetype", "..\..\eirshared\freetype\build\freetype.vcxproj", "{8EED4E1E-7FAB-4EE1-B732-2F8107572981}"
EndProject
Project("{8BC9CEB8-8B4A-11D0-8D11-00A0C91BC942}") = "libjpeg", "..\..\eirshared\jpeg\build\vs2015\libjpeg.vcxproj", "{7209B422-33E4-49E4-BAEA-9B10DF7502D3}"
EndProject
Project("{8BC9CEB8-8B4A-11D0-8D11-00A0C91BC942}") = "json", "..\..\vendor\json-c\build\json.vcxproj", "{5CBBB598-9BCF-42D4-BAC5-00EA1266A21B}"
EndProject
Project("{8BC9CEB8-8B4A-11D0-8D11-00A0C91BC942}") = "libpng", "..\..\eirshared\libpng\projects\vstudio\libpng\libpng.vcxproj", "{B991279B-D8C1-45DA-8331-94D6E7840DD4}"
EndProject
Project("{8BC9CEB8-8B4A-11D0-8D11-00A0C91BC942}") = "libspeex", "..\..\vendor\libspeex\build\libspeex.vcxproj", "{1743D8BB-1AB4-45D9-9B13-D786A10104B9}"
	ProjectSection(ProjectDependencies) = postProject
		{15CBFEFF-7965-41F5-B4E2-21E8795C9159} = {15CBFEFF-7965-41F5-B4E2-21E8795C9159}
	EndProjectSection
EndProject
Project("{8BC9CEB8-8B4A-11D0-8D11-00A0C91BC942}") = "libspeexdsp", "..\..\vendor\libspeexdsp\build\libspeexdsp.vcxproj", "{0973DFA3-FF0D-42DF-8EB8-FD26105CAF78}"
EndProject
Project("{8BC9CEB8-8B4A-11D0-8D11-00A0C91BC942}") = "libogg_static", "..\..\vendor\ogg\win32\VS2015\libogg_static.vcxproj", "{15CBFEFF-7965-41F5-B4E2-21E8795C9159}"
EndProject
Project("{8BC9CEB8-8B4A-11D0-8D11-00A0C91BC942}") = "pcre", "..\..\vendor\pcre\build\pcre.vcxproj", "{442057F8-F9A0-4115-992E-C6CD5093BE0C}"
EndProject
Project("{8BC9CEB8-8B4A-11D0-8D11-00A0C91BC942}") = "pme", "..\..\vendor\pme\build\pme.vcxproj", "{59DA845D-D6AF-4EAB-AACA-CF38BECA0BDF}"
	ProjectSection(ProjectDependencies) = postProject
		{442057F8-F9A0-4115-992E-C6CD5093BE0C} = {442057F8-F9A0-4115-992E-C6CD5093BE0C}
	EndProjectSection
EndProject
Project("{8BC9CEB8-8B4A-11D0-8D11-00A0C91BC942}") = "portaudio", "..\..\vendor\portaudio\build\portaudio.vcxproj", "{EB84454B-F718-4569-B8F5-3C61E1E5192A}"
EndProject
Project("{8BC9CEB8-8B4A-11D0-8D11-00A0C91BC942}") = "sqlite", "..\..\vendor\sqlite\build\sqlite.vcxproj", "{436A9BCC-E480-4785-BD54-54D49DFAF67A}"
EndProject
Project("{2150E333-8FDC-42A3-9474-1A3956D46DE8}") = "Shared", "Shared", "{F2134A3B-2207-4459-AA10-130BDC2FFE29}"
EndProject
Project("{8BC9CEB8-8B4A-11D0-8D11-00A0C91BC942}") = "XML", "..\XML\build\XML.vcxproj", "{48C9DE35-2BA6-4794-BB39-46000A1AF99F}"
EndProject
Global
	GlobalSection(SolutionConfigurationPlatforms) = preSolution
		Debug|x86 = Debug|x86
		Release|x86 = Release|x86
	EndGlobalSection
	GlobalSection(ProjectConfigurationPlatforms) = postSolution
		{C494652E-C60A-414D-9F8F-211C5B302BFA}.Debug|x86.ActiveCfg = Debug|Win32
		{C494652E-C60A-414D-9F8F-211C5B302BFA}.Debug|x86.Build.0 = Debug|Win32
		{C494652E-C60A-414D-9F8F-211C5B302BFA}.Release|x86.ActiveCfg = Release|Win32
		{C494652E-C60A-414D-9F8F-211C5B302BFA}.Release|x86.Build.0 = Release|Win32
		{DB00AFA0-9CD7-424E-B3C4-64ACC3CC9B98}.Debug|x86.ActiveCfg = Debug|Win32
		{DB00AFA0-9CD7-424E-B3C4-64ACC3CC9B98}.Debug|x86.Build.0 = Debug|Win32
		{DB00AFA0-9CD7-424E-B3C4-64ACC3CC9B98}.Release|x86.ActiveCfg = Release|Win32
		{DB00AFA0-9CD7-424E-B3C4-64ACC3CC9B98}.Release|x86.Build.0 = Release|Win32
		{A72ED256-F039-45D1-B2AB-48B9FC674AA4}.Debug|x86.ActiveCfg = Debug|Win32
		{A72ED256-F039-45D1-B2AB-48B9FC674AA4}.Debug|x86.Build.0 = Debug|Win32
		{A72ED256-F039-45D1-B2AB-48B9FC674AA4}.Release|x86.ActiveCfg = Release|Win32
		{A72ED256-F039-45D1-B2AB-48B9FC674AA4}.Release|x86.Build.0 = Release|Win32
		{60A8DE0B-43D8-4449-B9D6-3863A24017DD}.Debug|x86.ActiveCfg = Debug|Win32
		{60A8DE0B-43D8-4449-B9D6-3863A24017DD}.Debug|x86.Build.0 = Debug|Win32
		{60A8DE0B-43D8-4449-B9D6-3863A24017DD}.Release|x86.ActiveCfg = Release|Win32
		{60A8DE0B-43D8-4449-B9D6-3863A24017DD}.Release|x86.Build.0 = Release|Win32
		{6CE6A291-9D50-41E0-B9BD-823B31D8653D}.Debug|x86.ActiveCfg = Debug|Win32
		{6CE6A291-9D50-41E0-B9BD-823B31D8653D}.Debug|x86.Build.0 = Debug|Win32
		{6CE6A291-9D50-41E0-B9BD-823B31D8653D}.Release|x86.ActiveCfg = Release|Win32
		{6CE6A291-9D50-41E0-B9BD-823B31D8653D}.Release|x86.Build.0 = Release|Win32
		{0AE8BCE3-1B0B-4908-9407-E08A7738E5B9}.Debug|x86.ActiveCfg = Debug|Win32
		{0AE8BCE3-1B0B-4908-9407-E08A7738E5B9}.Debug|x86.Build.0 = Debug|Win32
		{0AE8BCE3-1B0B-4908-9407-E08A7738E5B9}.Release|x86.ActiveCfg = Release|Win32
		{0AE8BCE3-1B0B-4908-9407-E08A7738E5B9}.Release|x86.Build.0 = Release|Win32
		{3109A102-F7C7-46F8-AE41-ED13C0E23093}.Debug|x86.ActiveCfg = Debug|Win32
		{3109A102-F7C7-46F8-AE41-ED13C0E23093}.Debug|x86.Build.0 = Debug|Win32
		{3109A102-F7C7-46F8-AE41-ED13C0E23093}.Release|x86.ActiveCfg = Release|Win32
		{3109A102-F7C7-46F8-AE41-ED13C0E23093}.Release|x86.Build.0 = Release|Win32
		{6E793DA8-5641-4BBB-BCB0-43BF10682E14}.Debug|x86.ActiveCfg = Debug|Win32
		{6E793DA8-5641-4BBB-BCB0-43BF10682E14}.Debug|x86.Build.0 = Debug|Win32
		{6E793DA8-5641-4BBB-BCB0-43BF10682E14}.Release|x86.ActiveCfg = Release|Win32
		{6E793DA8-5641-4BBB-BCB0-43BF10682E14}.Release|x86.Build.0 = Release|Win32
		{7E697733-5C68-49B4-82D4-A313210D49DF}.Debug|x86.ActiveCfg = Debug|Win32
		{7E697733-5C68-49B4-82D4-A313210D49DF}.Debug|x86.Build.0 = Debug|Win32
		{7E697733-5C68-49B4-82D4-A313210D49DF}.Release|x86.ActiveCfg = Release|Win32
		{7E697733-5C68-49B4-82D4-A313210D49DF}.Release|x86.Build.0 = Release|Win32
		{65D5E721-48DD-4DA9-9903-6E2FDD90725A}.Debug|x86.ActiveCfg = Debug|Win32
		{65D5E721-48DD-4DA9-9903-6E2FDD90725A}.Debug|x86.Build.0 = Debug|Win32
		{65D5E721-48DD-4DA9-9903-6E2FDD90725A}.Release|x86.ActiveCfg = Release|Win32
		{65D5E721-48DD-4DA9-9903-6E2FDD90725A}.Release|x86.Build.0 = Release|Win32
		{E495B687-A75F-4F43-9F40-EF1F0B4520ED}.Debug|x86.ActiveCfg = Debug|Win32
		{E495B687-A75F-4F43-9F40-EF1F0B4520ED}.Debug|x86.Build.0 = Debug|Win32
		{E495B687-A75F-4F43-9F40-EF1F0B4520ED}.Release|x86.ActiveCfg = Release|Win32
		{E495B687-A75F-4F43-9F40-EF1F0B4520ED}.Release|x86.Build.0 = Release|Win32
		{AB96FAC1-DA1C-41FF-9D70-9D773B9FB04A}.Debug|x86.ActiveCfg = Debug|Win32
		{AB96FAC1-DA1C-41FF-9D70-9D773B9FB04A}.Debug|x86.Build.0 = Debug|Win32
		{AB96FAC1-DA1C-41FF-9D70-9D773B9FB04A}.Release|x86.ActiveCfg = Release|Win32
		{AB96FAC1-DA1C-41FF-9D70-9D773B9FB04A}.Release|x86.Build.0 = Release|Win32
		{28D9184F-8491-4FC3-99B1-CDE58FC39692}.Debug|x86.ActiveCfg = Debug|Win32
		{28D9184F-8491-4FC3-99B1-CDE58FC39692}.Debug|x86.Build.0 = Debug|Win32
		{28D9184F-8491-4FC3-99B1-CDE58FC39692}.Release|x86.ActiveCfg = Release|Win32
		{28D9184F-8491-4FC3-99B1-CDE58FC39692}.Release|x86.Build.0 = Release|Win32
		{8EED4E1E-7FAB-4EE1-B732-2F8107572981}.Debug|x86.ActiveCfg = Debug|Win32
		{8EED4E1E-7FAB-4EE1-B732-2F8107572981}.Debug|x86.Build.0 = Debug|Win32
		{8EED4E1E-7FAB-4EE1-B732-2F8107572981}.Release|x86.ActiveCfg = Release|Win32
		{8EED4E1E-7FAB-4EE1-B732-2F8107572981}.Release|x86.Build.0 = Release|Win32
		{7209B422-33E4-49E4-BAEA-9B10DF7502D3}.Debug|x86.ActiveCfg = Debug|Win32
		{7209B422-33E4-49E4-BAEA-9B10DF7502D3}.Debug|x86.Build.0 = Debug|Win32
		{7209B422-33E4-49E4-BAEA-9B10DF7502D3}.Release|x86.ActiveCfg = Release|Win32
		{7209B422-33E4-49E4-BAEA-9B10DF7502D3}.Release|x86.Build.0 = Release|Win32
		{5CBBB598-9BCF-42D4-BAC5-00EA1266A21B}.Debug|x86.ActiveCfg = Debug|Win32
		{5CBBB598-9BCF-42D4-BAC5-00EA1266A21B}.Debug|x86.Build.0 = Debug|Win32
		{5CBBB598-9BCF-42D4-BAC5-00EA1266A21B}.Release|x86.ActiveCfg = Release|Win32
		{5CBBB598-9BCF-42D4-BAC5-00EA1266A21B}.Release|x86.Build.0 = Release|Win32
		{B991279B-D8C1-45DA-8331-94D6E7840DD4}.Debug|x86.ActiveCfg = Debug Library|Win32
		{B991279B-D8C1-45DA-8331-94D6E7840DD4}.Debug|x86.Build.0 = Debug Library|Win32
		{B991279B-D8C1-45DA-8331-94D6E7840DD4}.Release|x86.ActiveCfg = Release Library|Win32
		{B991279B-D8C1-45DA-8331-94D6E7840DD4}.Release|x86.Build.0 = Release Library|Win32
		{1743D8BB-1AB4-45D9-9B13-D786A10104B9}.Debug|x86.ActiveCfg = Debug|Win32
		{1743D8BB-1AB4-45D9-9B13-D786A10104B9}.Debug|x86.Build.0 = Debug|Win32
		{1743D8BB-1AB4-45D9-9B13-D786A10104B9}.Release|x86.ActiveCfg = Release|Win32
		{1743D8BB-1AB4-45D9-9B13-D786A10104B9}.Release|x86.Build.0 = Release|Win32
		{0973DFA3-FF0D-42DF-8EB8-FD26105CAF78}.Debug|x86.ActiveCfg = Debug|Win32
		{0973DFA3-FF0D-42DF-8EB8-FD26105CAF78}.Debug|x86.Build.0 = Debug|Win32
		{0973DFA3-FF0D-42DF-8EB8-FD26105CAF78}.Release|x86.ActiveCfg = Release|Win32
		{0973DFA3-FF0D-42DF-8EB8-FD26105CAF78}.Release|x86.Build.0 = Release|Win32
		{15CBFEFF-7965-41F5-B4E2-21E8795C9159}.Debug|x86.ActiveCfg = Debug|Win32
		{15CBFEFF-7965-41F5-B4E2-21E8795C9159}.Debug|x86.Build.0 = Debug|Win32
		{15CBFEFF-7965-41F5-B4E2-21E8795C9159}.Release|x86.ActiveCfg = Release|Win32
		{15CBFEFF-7965-41F5-B4E2-21E8795C9159}.Release|x86.Build.0 = Release|Win32
		{442057F8-F9A0-4115-992E-C6CD5093BE0C}.Debug|x86.ActiveCfg = Debug|Win32
		{442057F8-F9A0-4115-992E-C6CD5093BE0C}.Debug|x86.Build.0 = Debug|Win32
		{442057F8-F9A0-4115-992E-C6CD5093BE0C}.Release|x86.ActiveCfg = Release|Win32
		{442057F8-F9A0-4115-992E-C6CD5093BE0C}.Release|x86.Build.0 = Release|Win32
		{59DA845D-D6AF-4EAB-AACA-CF38BECA0BDF}.Debug|x86.ActiveCfg = Debug|Win32
		{59DA845D-D6AF-4EAB-AACA-CF38BECA0BDF}.Debug|x86.Build.0 = Debug|Win32
		{59DA845D-D6AF-4EAB-AACA-CF38BECA0BDF}.Release|x86.ActiveCfg = Release|Win32
		{59DA845D-D6AF-4EAB-AACA-CF38BECA0BDF}.Release|x86.Build.0 = Release|Win32
		{EB84454B-F718-4569-B8F5-3C61E1E5192A}.Debug|x86.ActiveCfg = Debug|Win32
		{EB84454B-F718-4569-B8F5-3C61E1E5192A}.Debug|x86.Build.0 = Debug|Win32
		{EB84454B-F718-4569-B8F5-3C61E1E5192A}.Release|x86.ActiveCfg = Release|Win32
		{EB84454B-F718-4569-B8F5-3C61E1E5192A}.Release|x86.Build.0 = Release|Win32
		{436A9BCC-E480-4785-BD54-54D49DFAF67A}.Debug|x86.ActiveCfg = Debug|Win32
		{436A9BCC-E480-4785-BD54-54D49DFAF67A}.Debug|x86.Build.0 = Debug|Win32
		{436A9BCC-E480-4785-BD54-54D49DFAF67A}.Release|x86.ActiveCfg = Release|Win32
		{436A9BCC-E480-4785-BD54-54D49DFAF67A}.Release|x86.Build.0 = Release|Win32
		{48C9DE35-2BA6-4794-BB39-46000A1AF99F}.Debug|x86.ActiveCfg = Debug|Win32
		{48C9DE35-2BA6-4794-BB39-46000A1AF99F}.Debug|x86.Build.0 = Debug|Win32
		{48C9DE35-2BA6-4794-BB39-46000A1AF99F}.Release|x86.ActiveCfg = Release|Win32
		{48C9DE35-2BA6-4794-BB39-46000A1AF99F}.Release|x86.Build.0 = Release|Win32
	EndGlobalSection
	GlobalSection(SolutionProperties) = preSolution
		HideSolutionNode = FALSE
	EndGlobalSection
	GlobalSection(NestedProjects) = preSolution
		{C494652E-C60A-414D-9F8F-211C5B302BFA} = {4290414B-4EBA-40F4-9DEA-FA3EDBCAAE85}
		{DB00AFA0-9CD7-424E-B3C4-64ACC3CC9B98} = {4290414B-4EBA-40F4-9DEA-FA3EDBCAAE85}
		{A72ED256-F039-45D1-B2AB-48B9FC674AA4} = {4290414B-4EBA-40F4-9DEA-FA3EDBCAAE85}
		{60A8DE0B-43D8-4449-B9D6-3863A24017DD} = {4290414B-4EBA-40F4-9DEA-FA3EDBCAAE85}
		{6CE6A291-9D50-41E0-B9BD-823B31D8653D} = {4290414B-4EBA-40F4-9DEA-FA3EDBCAAE85}
		{0AE8BCE3-1B0B-4908-9407-E08A7738E5B9} = {4290414B-4EBA-40F4-9DEA-FA3EDBCAAE85}
		{3109A102-F7C7-46F8-AE41-ED13C0E23093} = {4290414B-4EBA-40F4-9DEA-FA3EDBCAAE85}
		{6E793DA8-5641-4BBB-BCB0-43BF10682E14} = {A544E68C-3BBD-4910-B20C-70A7A52F8263}
		{7E697733-5C68-49B4-82D4-A313210D49DF} = {A544E68C-3BBD-4910-B20C-70A7A52F8263}
		{65D5E721-48DD-4DA9-9903-6E2FDD90725A} = {A544E68C-3BBD-4910-B20C-70A7A52F8263}
		{E495B687-A75F-4F43-9F40-EF1F0B4520ED} = {A544E68C-3BBD-4910-B20C-70A7A52F8263}
		{AB96FAC1-DA1C-41FF-9D70-9D773B9FB04A} = {A544E68C-3BBD-4910-B20C-70A7A52F8263}
		{28D9184F-8491-4FC3-99B1-CDE58FC39692} = {A544E68C-3BBD-4910-B20C-70A7A52F8263}
		{8EED4E1E-7FAB-4EE1-B732-2F8107572981} = {A544E68C-3BBD-4910-B20C-70A7A52F8263}
		{7209B422-33E4-49E4-BAEA-9B10DF7502D3} = {A544E68C-3BBD-4910-B20C-70A7A52F8263}
		{5CBBB598-9BCF-42D4-BAC5-00EA1266A21B} = {A544E68C-3BBD-4910-B20C-70A7A52F8263}
		{B991279B-D8C1-45DA-8331-94D6E7840DD4} = {A544E68C-3BBD-4910-B20C-70A7A52F8263}
		{1743D8BB-1AB4-45D9-9B13-D786A10104B9} = {A544E68C-3BBD-4910-B20C-70A7A52F8263}
		{0973DFA3-FF0D-42DF-8EB8-FD26105CAF78} = {A544E68C-3BBD-4910-B20C-70A7A52F8263}
		{15CBFEFF-7965-41F5-B4E2-21E8795C9159} = {A544E68C-3BBD-4910-B20C-70A7A52F8263}
		{442057F8-F9A0-4115-992E-C6CD5093BE0C} = {A544E68C-3BBD-4910-B20C-70A7A52F8263}
		{59DA845D-D6AF-4EAB-AACA-CF38BECA0BDF} = {A544E68C-3BBD-4910-B20C-70A7A52F8263}
		{EB84454B-F718-4569-B8F5-3C61E1E5192A} = {A544E68C-3BBD-4910-B20C-70A7A52F8263}
		{436A9BCC-E480-4785-BD54-54D49DFAF67A} = {A544E68C-3BBD-4910-B20C-70A7A52F8263}
		{48C9DE35-2BA6-4794-BB39-46000A1AF99F} = {F2134A3B-2207-4459-AA10-130BDC2FFE29}
	EndGlobalSection
EndGlobal
